# @generated - this file is auto-generated by `mise lock` https://mise.jdx.dev/dev-tools/mise-lock.html

[[tools."aqua:astral-sh/uv"]]
version = "0.12.0"
backend = "aqua:astral-sh/uv"

[tools."aqua:astral-sh/uv"."platforms.linux-arm64"]
checksum = "sha256:936fbbf20188a2b1c66bce3dca3f4009a5c9cdf12bb2bbd084e71926f75d6a15"
url = "https://github.com/astral-sh/uv/releases/download/0.12.0/uv-aarch64-unknown-linux-musl.tar.gz"
url_api = "https://api.github.com/repos/astral-sh/uv/releases/assets/493071360"
provenance = "github-attestations"

[tools."aqua:astral-sh/uv"."platforms.linux-x64"]
checksum = "sha256:3340a9d8cffc4d801bc1a7459ebfaf5790c79400720d9b6963d806f058526684"
url = "https://github.com/astral-sh/uv/releases/download/0.12.0/uv-x86_64-unknown-linux-musl.tar.gz"
url_api = "https://api.github.com/repos/astral-sh/uv/releases/assets/493071451"
provenance = "github-attestations"

[tools."aqua:astral-sh/uv"."platforms.macos-arm64"]
checksum = "sha256:2b9e582af54f84fa50c115427451a6c13e80f43b52f8282b8af5791077317bbf"
url = "https://github.com/astral-sh/uv/releases/download/0.12.0/uv-aarch64-apple-darwin.tar.gz"
url_api = "https://api.github.com/repos/astral-sh/uv/releases/assets/493071342"
provenance = "github-attestations"

[tools."aqua:astral-sh/uv"."platforms.macos-x64"]
checksum = "sha256:d41593beaefc54bab7d062af0ef6ca093bfb81d001d58ebbef39e44423f9c496"
url = "https://github.com/astral-sh/uv/releases/download/0.12.0/uv-x86_64-apple-darwin.tar.gz"
url_api = "https://api.github.com/repos/astral-sh/uv/releases/assets/493071438"
provenance = "github-attestations"

[[tools."aqua:gruntwork-io/boilerplate"]]
version = "0.16.0"
backend = "aqua:gruntwork-io/boilerplate"

[tools."aqua:gruntwork-io/boilerplate"."platforms.linux-arm64"]
checksum = "sha256:cce80725952643db8af84ba3d3e3feba21cde9dbd6f3f34c16e20c7f554712f5"
url = "https://github.com/gruntwork-io/boilerplate/releases/download/v0.16.0/boilerplate_linux_arm64"
url_api = "https://api.github.com/repos/gruntwork-io/boilerplate/releases/assets/418949690"

[tools."aqua:gruntwork-io/boilerplate"."platforms.linux-x64"]
checksum = "sha256:e34f6c1ec7af9267703bf2d910f49f4f603a7b80876889eed38db0a751100a1a"
url = "https://github.com/gruntwork-io/boilerplate/releases/download/v0.16.0/boilerplate_linux_amd64"
url_api = "https://api.github.com/repos/gruntwork-io/boilerplate/releases/assets/418949688"

[tools."aqua:gruntwork-io/boilerplate"."platforms.macos-arm64"]
checksum = "sha256:0a2a2e22227a660a64395f69b4c3d1253e5f1e19fe3fd845757fb517349a10b6"
url = "https://github.com/gruntwork-io/boilerplate/releases/download/v0.16.0/boilerplate_darwin_arm64"
url_api = "https://api.github.com/repos/gruntwork-io/boilerplate/releases/assets/418949678"

[tools."aqua:gruntwork-io/boilerplate"."platforms.macos-x64"]
checksum = "sha256:e41422553f3890f94f8a97934ac94b07a455011851dda3ff1abf92f1f5353bef"
url = "https://github.com/gruntwork-io/boilerplate/releases/download/v0.16.0/boilerplate_darwin_amd64"
url_api = "https://api.github.com/repos/gruntwork-io/boilerplate/releases/assets/418949672"

[[tools."aqua:junegunn/fzf"]]
version = "0.74.2"
backend = "aqua:junegunn/fzf"

[tools."aqua:junegunn/fzf"."platforms.linux-arm64"]
checksum = "sha256:1373e3f5ed3c468179d4529942ddd96c234bcad1bcacaf238916e26a5234b5b2"
url = "https://github.com/junegunn/fzf/releases/download/v0.74.2/fzf-0.74.2-linux_arm64.tar.gz"
url_api = "https://api.github.com/repos/junegunn/fzf/releases/assets/497342620"

[tools."aqua:junegunn/fzf"."platforms.linux-x64"]
checksum = "sha256:b3648f48675612b69ee35371cf6dc99ca96d767e89b912d079080916ac8ba8bd"
url = "https://github.com/junegunn/fzf/releases/download/v0.74.2/fzf-0.74.2-linux_amd64.tar.gz"
url_api = "https://api.github.com/repos/junegunn/fzf/releases/assets/497342478"

[tools."aqua:junegunn/fzf"."platforms.macos-arm64"]
checksum = "sha256:d60ddb36356566ac69bae7c3504e888916cf747c9ad2132141c09229b1e28dee"
url = "https://github.com/junegunn/fzf/releases/download/v0.74.2/fzf-0.74.2-darwin_arm64.tar.gz"
url_api = "https://api.github.com/repos/junegunn/fzf/releases/assets/497342630"

[tools."aqua:junegunn/fzf"."platforms.macos-x64"]
checksum = "sha256:b019ae8bcca33945a2ffbbbf8369705405cd1406fc4d74267e712797010e3676"
url = "https://github.com/junegunn/fzf/releases/download/v0.74.2/fzf-0.74.2-darwin_amd64.tar.gz"
url_api = "https://api.github.com/repos/junegunn/fzf/releases/assets/497342631"

[[tools."aqua:magefile/mage"]]
version = "1.17.2"
backend = "aqua:magefile/mage"

[tools."aqua:magefile/mage"."platforms.linux-arm64"]
checksum = "sha256:5a88f89b52a0270a60c1fd57f964d24af78ac21c6848642f05db1300fe193980"
url = "https://github.com/magefile/mage/releases/download/v1.17.2/mage_1.17.2_Linux-ARM64.tar.gz"
url_api = "https://api.github.com/repos/magefile/mage/releases/assets/402980265"

[tools."aqua:magefile/mage"."platforms.linux-x64"]
checksum = "sha256:b1dd189f5a4d38484176dd5be3b651eb7cbc0b78eaf4bb9715738aa24edec644"
url = "https://github.com/magefile/mage/releases/download/v1.17.2/mage_1.17.2_Linux-64bit.tar.gz"
url_api = "https://api.github.com/repos/magefile/mage/releases/assets/402980262"

[tools."aqua:magefile/mage"."platforms.macos-arm64"]
checksum = "sha256:bb43eec76388b1445c4ce019c5ac3bb305a56f77c5f580c5067871ff01ea7741"
url = "https://github.com/magefile/mage/releases/download/v1.17.2/mage_1.17.2_macOS-64bit.tar.gz"
url_api = "https://api.github.com/repos/magefile/mage/releases/assets/402980260"

[tools."aqua:magefile/mage"."platforms.macos-x64"]
checksum = "sha256:bb43eec76388b1445c4ce019c5ac3bb305a56f77c5f580c5067871ff01ea7741"
url = "https://github.com/magefile/mage/releases/download/v1.17.2/mage_1.17.2_macOS-64bit.tar.gz"
url_api = "https://api.github.com/repos/magefile/mage/releases/assets/402980260"

[[tools."aqua:mikefarah/yq"]]
version = "4.53.3"
backend = "aqua:mikefarah/yq"

[tools."aqua:mikefarah/yq"."platforms.linux-arm64"]
checksum = "sha256:578648e463a11c1b6db6010cbf41eafed6bee79466fcffa1bb446672cf7945ea"
url = "https://github.com/mikefarah/yq/releases/download/v4.53.3/yq_linux_arm64"
url_api = "https://api.github.com/repos/mikefarah/yq/releases/assets/440146727"
provenance = "cosign"

[tools."aqua:mikefarah/yq"."platforms.linux-x64"]
checksum = "sha256:fa52a4e758c63d38299163fbdd1edfb4c4963247918bf9c1c5d31d84789eded4"
url = "https://github.com/mikefarah/yq/releases/download/v4.53.3/yq_linux_amd64"
url_api = "https://api.github.com/repos/mikefarah/yq/releases/assets/440146735"
provenance = "cosign"

[tools."aqua:mikefarah/yq"."platforms.macos-arm64"]
checksum = "sha256:877de31753a4dd2401aa048937aa9a7fc4d5f6ce858cf31508c5802954297213"
url = "https://github.com/mikefarah/yq/releases/download/v4.53.3/yq_darwin_arm64"
url_api = "https://api.github.com/repos/mikefarah/yq/releases/assets/440146762"
provenance = "cosign"

[tools."aqua:mikefarah/yq"."platforms.macos-x64"]
checksum = "sha256:b4ba1ecce3c47f00803f4f964de38394326c7a32eb6540616e04fb2935a0f08d"
url = "https://github.com/mikefarah/yq/releases/download/v4.53.3/yq_darwin_amd64"
url_api = "https://api.github.com/repos/mikefarah/yq/releases/assets/440146744"
provenance = "cosign"

[[tools.go]]
version = "1.25.3"
backend = "core:go"

[tools.go."platforms.linux-arm64"]
checksum = "sha256:1d42ebc84999b5e2069f5e31b67d6fc5d67308adad3e178d5a2ee2c9ff2001f5"
url = "https://dl.google.com/go/go1.25.3.linux-arm64.tar.gz"

[tools.go."platforms.linux-x64"]
checksum = "sha256:0335f314b6e7bfe08c3d0cfaa7c19db961b7b99fb20be62b0a826c992ad14e0f"
url = "https://dl.google.com/go/go1.25.3.linux-amd64.tar.gz"

[tools.go."platforms.macos-arm64"]
checksum = "sha256:7c083e3d2c00debfeb2f77d9a4c00a1aac97113b89b9ccc42a90487af3437382"
url = "https://dl.google.com/go/go1.25.3.darwin-arm64.tar.gz"

[tools.go."platforms.macos-x64"]
checksum = "sha256:1641050b422b80dfd6299f8aa7eb8798d1cd23eac7e79f445728926e881b7bcd"
url = "https://dl.google.com/go/go1.25.3.darwin-amd64.tar.gz"

[[tools.node]]
version = "24.19.0"
backend = "core:node"

[tools.node."platforms.linux-arm64"]
checksum = "sha256:d28c8a5bf0a808f0ed434a1dce8c54ae98f0371c0bd86ac58abc613f73e6643f"
url = "https://nodejs.org/dist/v24.19.0/node-v24.19.0-linux-arm64.tar.gz"

[tools.node."platforms.linux-x64"]
checksum = "sha256:f625d97cd707df4ff96254916fbc5ff014f09c09effe5a1e0ca8f6d41a8789d4"
url = "https://nodejs.org/dist/v24.19.0/node-v24.19.0-linux-x64.tar.gz"

[tools.node."platforms.macos-arm64"]
checksum = "sha256:8294b7aa9b03997481c06babf1e8b270c859358f27da57a11509afe537ac381d"
url = "https://nodejs.org/dist/v24.19.0/node-v24.19.0-darwin-arm64.tar.gz"

[tools.node."platforms.macos-x64"]
checksum = "sha256:d1b5e999db158c62fe8f7267a4476b035d8bd93b1a605bac24a3f0dd166e3316"
url = "https://nodejs.org/dist/v24.19.0/node-v24.19.0-darwin-x64.tar.gz"

[[tools."pipx:cogapp"]]
version = "3.6.0"
backend = "pipx:cogapp"
